
Microsoft Visual Studio Solution File, Format Version 12.00
# Visual Studio Version 17
VisualStudioVersion = 17.8.34408.163
MinimumVisualStudioVersion = 10.0.40219.1
Project("{8BC9CEB8-8B4A-11D0-8D11-00A0C91BC942}") = "Revised Messaging Program", "Revised Messaging Program.vcxproj", "{7264DD8E-8ADD-4EE2-B757-94EBCB8C56BD}"
EndProject
Global
	GlobalSection(SolutionConfigurationPlatforms) = preSolution
		Debug|x64 = Debug|x64
		Debug|x86 = Debug|x86
		Release|x64 = Release|x64
		Release|x86 = Release|x86
	EndGlobalSection
	GlobalSection(ProjectConfigurationPlatforms) = postSolution
		{7264DD8E-8ADD-4EE2-B757-94EBCB8C56BD}.Debug|x64.ActiveCfg = Debug|x64
		{7264DD8E-8ADD-4EE2-B757-94EBCB8C56BD}.Debug|x64.Build.0 = Debug|x64
		{7264DD8E-8ADD-4EE2-B757-94EBCB8C56BD}.Debug|x86.ActiveCfg = Debug|Win32
		{7264DD8E-8ADD-4EE2-B757-94EBCB8C56BD}.Debug|x86.Build.0 = Debug|Win32
		{7264DD8E-8ADD-4EE2-B757-94EBCB8C56BD}.Release|x64.ActiveCfg = Release|x64
		{7264DD8E-8ADD-4EE2-B757-94EBCB8C56BD}.Release|x64.Build.0 = Release|x64
		{7264DD8E-8ADD-4EE2-B757-94EBCB8C56BD}.Release|x86.ActiveCfg = Release|Win32
		{7264DD8E-8ADD-4EE2-B757-94EBCB8C56BD}.Release|x86.Build.0 = Release|Win32
	EndGlobalSection
	GlobalSection(SolutionProperties) = preSolution
		HideSolutionNode = FALSE
	EndGlobalSection
	GlobalSection(ExtensibilityGlobals) = postSolution
		SolutionGuid = {82B4998F-B4B2-4FF2-AF43-78E4D91485A6}
	EndGlobalSection
EndGlobal
